
Microsoft Visual Studio Solution File, Format Version 12.00
# Visual Studio Version 16
VisualStudioVersion = 16.0.31729.503
MinimumVisualStudioVersion = 10.0.40219.1
Project("{FAE04EC0-301F-11D3-BF4B-00C04F79EFBC}") = "GK_Projekt1", "GK_Projekt1\GK_Projekt1.csproj", "{17745212-0166-4126-B5E5-072B5205E1FD}"
EndProject
Global
	GlobalSection(SolutionConfigurationPlatforms) = preSolution
		Debug|Any CPU = Debug|Any CPU
		Release|Any CPU = Release|Any CPU
	EndGlobalSection
	GlobalSection(ProjectConfigurationPlatforms) = postSolution
		{17745212-0166-4126-B5E5-072B5205E1FD}.Debug|Any CPU.ActiveCfg = Debug|Any CPU
		{17745212-0166-4126-B5E5-072B5205E1FD}.Debug|Any CPU.Build.0 = Debug|Any CPU
		{17745212-0166-4126-B5E5-072B5205E1FD}.Release|Any CPU.ActiveCfg = Release|Any CPU
		{17745212-0166-4126-B5E5-072B5205E1FD}.Release|Any CPU.Build.0 = Release|Any CPU
	EndGlobalSection
	GlobalSection(SolutionProperties) = preSolution
		HideSolutionNode = FALSE
	EndGlobalSection
	GlobalSection(ExtensibilityGlobals) = postSolution
		SolutionGuid = {5A409B6A-B454-4110-AD2E-C7DFA908C012}
	EndGlobalSection
EndGlobal
